
Microsoft Visual Studio Solution File, Format Version 12.00
# Visual Studio 15
VisualStudioVersion = 15.0.27004.2010
MinimumVisualStudioVersion = 10.0.40219.1
Project("{8BC9CEB8-8B4A-11D0-8D11-00A0C91BC942}") = "Anagramas", "Anagramas\Anagramas.vcxproj", "{8EFB2376-940D-487A-AEC0-E305D8F85BA1}"
EndProject
Global
	GlobalSection(SolutionConfigurationPlatforms) = preSolution
		Debug|x64 = Debug|x64
		Debug|x86 = Debug|x86
		Release|x64 = Release|x64
		Release|x86 = Release|x86
	EndGlobalSection
	GlobalSection(ProjectConfigurationPlatforms) = postSolution
		{8EFB2376-940D-487A-AEC0-E305D8F85BA1}.Debug|x64.ActiveCfg = Debug|x64
		{8EFB2376-940D-487A-AEC0-E305D8F85BA1}.Debug|x64.Build.0 = Debug|x64
		{8EFB2376-940D-487A-AEC0-E305D8F85BA1}.Debug|x86.ActiveCfg = Debug|Win32
		{8EFB2376-940D-487A-AEC0-E305D8F85BA1}.Debug|x86.Build.0 = Debug|Win32
		{8EFB2376-940D-487A-AEC0-E305D8F85BA1}.Release|x64.ActiveCfg = Release|x64
		{8EFB2376-940D-487A-AEC0-E305D8F85BA1}.Release|x64.Build.0 = Release|x64
		{8EFB2376-940D-487A-AEC0-E305D8F85BA1}.Release|x86.ActiveCfg = Release|Win32
		{8EFB2376-940D-487A-AEC0-E305D8F85BA1}.Release|x86.Build.0 = Release|Win32
	EndGlobalSection
	GlobalSection(SolutionProperties) = preSolution
		HideSolutionNode = FALSE
	EndGlobalSection
	GlobalSection(ExtensibilityGlobals) = postSolution
		SolutionGuid = {A80AED49-C78C-4026-A595-F7AFBFB8853D}
	EndGlobalSection
EndGlobal
